{
  "requires": true,
  "lockfileVersion": 1,
  "dependencies": {
    "@types/mustache": {
      "version": "4.1.1",
      "resolved": "https://registry.npmjs.org/@types/mustache/-/mustache-4.1.1.tgz",
      "integrity": "sha512-Sm0NWeLhS2QL7NNGsXvO+Fgp7e3JLHCO6RS3RCnfjAnkw6Y1bsji/AGfISdQZDIR/AeOyzkrxRk9jBkl55zdJw==",
      "dev": true
    },
    "@types/node": {
      "version": "15.12.4",
      "resolved": "https://registry.npmjs.org/@types/node/-/node-15.12.4.tgz",
      "integrity": "sha512-zrNj1+yqYF4WskCMOHwN+w9iuD12+dGm0rQ35HLl9/Ouuq52cEtd0CH9qMgrdNmi5ejC1/V7vKEXYubB+65DkA==",
      "dev": true
    },
    "types-registry": {
      "version": "0.1.546",
      "resolved": "https://registry.npmjs.org/types-registry/-/types-registry-0.1.546.tgz",
      "integrity": "sha512-YSU8pKS91tiGTli9qFH/SU3wpTVxmRxdLGb5Z7ak1QjfNxRfUnSwjP+yCaU68O+l9cCPNSsPL8yU3+OAQh9ZqQ=="
    }
  }
}
